
Microsoft Visual Studio Solution File, Format Version 12.00
# Visual Studio Version 17
VisualStudioVersion = 17.13.35806.99 d17.13
MinimumVisualStudioVersion = 10.0.40219.1
Project("{FAE04EC0-301F-11D3-BF4B-00C04F79EFBC}") = "RestaurantSystem", "RestaurantSystem.csproj", "{FE0BDEEF-6C0B-4CBD-84DB-E64472DF2995}"
EndProject
Global
	GlobalSection(SolutionConfigurationPlatforms) = preSolution
		Debug|Any CPU = Debug|Any CPU
		Release|Any CPU = Release|Any CPU
	EndGlobalSection
	GlobalSection(ProjectConfigurationPlatforms) = postSolution
		{FE0BDEEF-6C0B-4CBD-84DB-E64472DF2995}.Debug|Any CPU.ActiveCfg = Debug|Any CPU
		{FE0BDEEF-6C0B-4CBD-84DB-E64472DF2995}.Debug|Any CPU.Build.0 = Debug|Any CPU
		{FE0BDEEF-6C0B-4CBD-84DB-E64472DF2995}.Release|Any CPU.ActiveCfg = Release|Any CPU
		{FE0BDEEF-6C0B-4CBD-84DB-E64472DF2995}.Release|Any CPU.Build.0 = Release|Any CPU
	EndGlobalSection
	GlobalSection(SolutionProperties) = preSolution
		HideSolutionNode = FALSE
	EndGlobalSection
	GlobalSection(ExtensibilityGlobals) = postSolution
		SolutionGuid = {3A6428F6-FF8D-4AD7-BBA6-87E242E73663}
	EndGlobalSection
EndGlobal
